// !$*UTF8*$!
{
	archiveVersion = 1;
	classes = {
	};
	objectVersion = 56;
	objects = {

/* Begin PBXBuildFile section */
		048B22402ABF0C2E007600A5 /* CurrenciesList.swift in Sources */ = {isa = PBXBuildFile; fileRef = 048B223F2ABF0C2E007600A5 /* CurrenciesList.swift */; };
		E58D63ED2ABE0A6D004721CA /* HomeCurrenciesApp.swift in Sources */ = {isa = PBXBuildFile; fileRef = E58D63EC2ABE0A6D004721CA /* HomeCurrenciesApp.swift */; };
		E58D63EF2ABE0A6D004721CA /* ContentView.swift in Sources */ = {isa = PBXBuildFile; fileRef = E58D63EE2ABE0A6D004721CA /* ContentView.swift */; };
		E58D63F12ABE0A6F004721CA /* Assets.xcassets in Resources */ = {isa = PBXBuildFile; fileRef = E58D63F02ABE0A6F004721CA /* Assets.xcassets */; };
		E58D63F42ABE0A6F004721CA /* Preview Assets.xcassets in Resources */ = {isa = PBXBuildFile; fileRef = E58D63F32ABE0A6F004721CA /* Preview Assets.xcassets */; };
		E58D63FD2ABE0ABD004721CA /* Rates.swift in Sources */ = {isa = PBXBuildFile; fileRef = E58D63FC2ABE0ABD004721CA /* Rates.swift */; };
		E58D63FF2ABE0B9E004721CA /* CurrenciesViewModel.swift in Sources */ = {isa = PBXBuildFile; fileRef = E58D63FE2ABE0B9E004721CA /* CurrenciesViewModel.swift */; };
		E58D64022ABE140E004721CA /* RateView.swift in Sources */ = {isa = PBXBuildFile; fileRef = E58D64012ABE140E004721CA /* RateView.swift */; };
		E58D64042ABEEB7B004721CA /* DetailsView.swift in Sources */ = {isa = PBXBuildFile; fileRef = E58D64032ABEEB7B004721CA /* DetailsView.swift */; };
/* End PBXBuildFile section */

/* Begin PBXFileReference section */
		048B223F2ABF0C2E007600A5 /* CurrenciesList.swift */ = {isa = PBXFileReference; lastKnownFileType = sourcecode.swift; path = CurrenciesList.swift; sourceTree = "<group>"; };
		E58D63E92ABE0A6D004721CA /* HomeCurrencies.app */ = {isa = PBXFileReference; explicitFileType = wrapper.application; includeInIndex = 0; path = HomeCurrencies.app; sourceTree = BUILT_PRODUCTS_DIR; };
		E58D63EC2ABE0A6D004721CA /* HomeCurrenciesApp.swift */ = {isa = PBXFileReference; lastKnownFileType = sourcecode.swift; path = HomeCurrenciesApp.swift; sourceTree = "<group>"; };
		E58D63EE2ABE0A6D004721CA /* ContentView.swift */ = {isa = PBXFileReference; lastKnownFileType = sourcecode.swift; path = ContentView.swift; sourceTree = "<group>"; };
		E58D63F02ABE0A6F004721CA /* Assets.xcassets */ = {isa = PBXFileReference; lastKnownFileType = folder.assetcatalog; path = Assets.xcassets; sourceTree = "<group>"; };
		E58D63F32ABE0A6F004721CA /* Preview Assets.xcassets */ = {isa = PBXFileReference; lastKnownFileType = folder.assetcatalog; path = "Preview Assets.xcassets"; sourceTree = "<group>"; };
		E58D63FC2ABE0ABD004721CA /* Rates.swift */ = {isa = PBXFileReference; lastKnownFileType = sourcecode.swift; path = Rates.swift; sourceTree = "<group>"; };
		E58D63FE2ABE0B9E004721CA /* CurrenciesViewModel.swift */ = {isa = PBXFileReference; lastKnownFileType = sourcecode.swift; path = CurrenciesViewModel.swift; sourceTree = "<group>"; };
		E58D64012ABE140E004721CA /* RateView.swift */ = {isa = PBXFileReference; lastKnownFileType = sourcecode.swift; path = RateView.swift; sourceTree = "<group>"; };
		E58D64032ABEEB7B004721CA /* DetailsView.swift */ = {isa = PBXFileReference; lastKnownFileType = sourcecode.swift; path = DetailsView.swift; sourceTree = "<group>"; };
/* End PBXFileReference section */

/* Begin PBXFrameworksBuildPhase section */
		E58D63E62ABE0A6D004721CA /* Frameworks */ = {
			isa = PBXFrameworksBuildPhase;
			buildActionMask = 2147483647;
			files = (
			);
			runOnlyForDeploymentPostprocessing = 0;
		};
/* End PBXFrameworksBuildPhase section */

/* Begin PBXGroup section */
		E58D63E02ABE0A6D004721CA = {
			isa = PBXGroup;
			children = (
				E58D63EB2ABE0A6D004721CA /* HomeCurrencies */,
				E58D63EA2ABE0A6D004721CA /* Products */,
			);
			sourceTree = "<group>";
		};
		E58D63EA2ABE0A6D004721CA /* Products */ = {
			isa = PBXGroup;
			children = (
				E58D63E92ABE0A6D004721CA /* HomeCurrencies.app */,
			);
			name = Products;
			sourceTree = "<group>";
		};
		E58D63EB2ABE0A6D004721CA /* HomeCurrencies */ = {
			isa = PBXGroup;
			children = (
				E58D64002ABE13FB004721CA /* Currencies */,
				E58D63FB2ABE0A83004721CA /* Model */,
				E58D63FA2ABE0A77004721CA /* ViewModel */,
				E58D63EC2ABE0A6D004721CA /* HomeCurrenciesApp.swift */,
				E58D63EE2ABE0A6D004721CA /* ContentView.swift */,
				E58D63F02ABE0A6F004721CA /* Assets.xcassets */,
				E58D63F22ABE0A6F004721CA /* Preview Content */,
			);
			path = HomeCurrencies;
			sourceTree = "<group>";
		};
		E58D63F22ABE0A6F004721CA /* Preview Content */ = {
			isa = PBXGroup;
			children = (
				E58D63F32ABE0A6F004721CA /* Preview Assets.xcassets */,
			);
			path = "Preview Content";
			sourceTree = "<group>";
		};
		E58D63FA2ABE0A77004721CA /* ViewModel */ = {
			isa = PBXGroup;
			children = (
				E58D63FE2ABE0B9E004721CA /* CurrenciesViewModel.swift */,
			);
			path = ViewModel;
			sourceTree = "<group>";
		};
		E58D63FB2ABE0A83004721CA /* Model */ = {
			isa = PBXGroup;
			children = (
				E58D63FC2ABE0ABD004721CA /* Rates.swift */,
			);
			path = Model;
			sourceTree = "<group>";
		};
		E58D64002ABE13FB004721CA /* Currencies */ = {
			isa = PBXGroup;
			children = (
				E58D64012ABE140E004721CA /* RateView.swift */,
				E58D64032ABEEB7B004721CA /* DetailsView.swift */,
				048B223F2ABF0C2E007600A5 /* CurrenciesList.swift */,
			);
			path = Currencies;
			sourceTree = "<group>";
		};
/* End PBXGroup section */

/* Begin PBXNativeTarget section */
		E58D63E82ABE0A6D004721CA /* HomeCurrencies */ = {
			isa = PBXNativeTarget;
			buildConfigurationList = E58D63F72ABE0A6F004721CA /* Build configuration list for PBXNativeTarget "HomeCurrencies" */;
			buildPhases = (
				E58D63E52ABE0A6D004721CA /* Sources */,
				E58D63E62ABE0A6D004721CA /* Frameworks */,
				E58D63E72ABE0A6D004721CA /* Resources */,
			);
			buildRules = (
			);
			dependencies = (
			);
			name = HomeCurrencies;
			productName = HomeCurrencies;
			productReference = E58D63E92ABE0A6D004721CA /* HomeCurrencies.app */;
			productType = "com.apple.product-type.application";
		};
/* End PBXNativeTarget section */

/* Begin PBXProject section */
		E58D63E12ABE0A6D004721CA /* Project object */ = {
			isa = PBXProject;
			attributes = {
				BuildIndependentTargetsInParallel = 1;
				LastSwiftUpdateCheck = 1500;
				LastUpgradeCheck = 1500;
				TargetAttributes = {
					E58D63E82ABE0A6D004721CA = {
						CreatedOnToolsVersion = 15.0;
					};
				};
			};
			buildConfigurationList = E58D63E42ABE0A6D004721CA /* Build configuration list for PBXProject "HomeCurrencies" */;
			compatibilityVersion = "Xcode 14.0";
			developmentRegion = en;
			hasScannedForEncodings = 0;
			knownRegions = (
				en,
				Base,
			);
			mainGroup = E58D63E02ABE0A6D004721CA;
			productRefGroup = E58D63EA2ABE0A6D004721CA /* Products */;
			projectDirPath = "";
			projectRoot = "";
			targets = (
				E58D63E82ABE0A6D004721CA /* HomeCurrencies */,
			);
		};
/* End PBXProject section */

/* Begin PBXResourcesBuildPhase section */
		E58D63E72ABE0A6D004721CA /* Resources */ = {
			isa = PBXResourcesBuildPhase;
			buildActionMask = 2147483647;
			files = (
				E58D63F42ABE0A6F004721CA /* Preview Assets.xcassets in Resources */,
				E58D63F12ABE0A6F004721CA /* Assets.xcassets in Resources */,
			);
			runOnlyForDeploymentPostprocessing = 0;
		};
/* End PBXResourcesBuildPhase section */

/* Begin PBXSourcesBuildPhase section */
		E58D63E52ABE0A6D004721CA /* Sources */ = {
			isa = PBXSourcesBuildPhase;
			buildActionMask = 2147483647;
			files = (
				048B22402ABF0C2E007600A5 /* CurrenciesList.swift in Sources */,
				E58D63EF2ABE0A6D004721CA /* ContentView.swift in Sources */,
				E58D64022ABE140E004721CA /* RateView.swift in Sources */,
				E58D63FD2ABE0ABD004721CA /* Rates.swift in Sources */,
				E58D63ED2ABE0A6D004721CA /* HomeCurrenciesApp.swift in Sources */,
				E58D63FF2ABE0B9E004721CA /* CurrenciesViewModel.swift in Sources */,
				E58D64042ABEEB7B004721CA /* DetailsView.swift in Sources */,
			);
			runOnlyForDeploymentPostprocessing = 0;
		};
/* End PBXSourcesBuildPhase section */

/* Begin XCBuildConfiguration section */
		E58D63F52ABE0A6F004721CA /* Debug */ = {
			isa = XCBuildConfiguration;
			buildSettings = {
				ALWAYS_SEARCH_USER_PATHS = NO;
				ASSETCATALOG_COMPILER_GENERATE_SWIFT_ASSET_SYMBOL_EXTENSIONS = YES;
				CLANG_ANALYZER_NONNULL = YES;
				CLANG_ANALYZER_NUMBER_OBJECT_CONVERSION = YES_AGGRESSIVE;
				CLANG_CXX_LANGUAGE_STANDARD = "gnu++20";
				CLANG_ENABLE_MODULES = YES;
				CLANG_ENABLE_OBJC_ARC = YES;
				CLANG_ENABLE_OBJC_WEAK = YES;
				CLANG_WARN_BLOCK_CAPTURE_AUTORELEASING = YES;
				CLANG_WARN_BOOL_CONVERSION = YES;
				CLANG_WARN_COMMA = YES;
				CLANG_WARN_CONSTANT_CONVERSION = YES;
				CLANG_WARN_DEPRECATED_OBJC_IMPLEMENTATIONS = YES;
				CLANG_WARN_DIRECT_OBJC_ISA_USAGE = YES_ERROR;
				CLANG_WARN_DOCUMENTATION_COMMENTS = YES;
				CLANG_WARN_EMPTY_BODY = YES;
				CLANG_WARN_ENUM_CONVERSION = YES;
				CLANG_WARN_INFINITE_RECURSION = YES;
				CLANG_WARN_INT_CONVERSION = YES;
				CLANG_WARN_NON_LITERAL_NULL_CONVERSION = YES;
				CLANG_WARN_OBJC_IMPLICIT_RETAIN_SELF = YES;
				CLANG_WARN_OBJC_LITERAL_CONVERSION = YES;
				CLANG_WARN_OBJC_ROOT_CLASS = YES_ERROR;
				CLANG_WARN_QUOTED_INCLUDE_IN_FRAMEWORK_HEADER = YES;
				CLANG_WARN_RANGE_LOOP_ANALYSIS = YES;
				CLANG_WARN_STRICT_PROTOTYPES = YES;
				CLANG_WARN_SUSPICIOUS_MOVE = YES;
				CLANG_WARN_UNGUARDED_AVAILABILITY = YES_AGGRESSIVE;
				CLANG_WARN_UNREACHABLE_CODE = YES;
				CLANG_WARN__DUPLICATE_METHOD_MATCH = YES;
				COPY_PHASE_STRIP = NO;
				DEBUG_INFORMATION_FORMAT = dwarf;
				ENABLE_STRICT_OBJC_MSGSEND = YES;
				ENABLE_TESTABILITY = YES;
				ENABLE_USER_SCRIPT_SANDBOXING = YES;
				GCC_C_LANGUAGE_STANDARD = gnu17;
				GCC_DYNAMIC_NO_PIC = NO;
				GCC_NO_COMMON_BLOCKS = YES;
				GCC_OPTIMIZATION_LEVEL = 0;
				GCC_PREPROCESSOR_DEFINITIONS = (
					"DEBUG=1",
					"$(inherited)",
				);
				GCC_WARN_64_TO_32_BIT_CONVERSION = YES;
				GCC_WARN_ABOUT_RETURN_TYPE = YES_ERROR;
				GCC_WARN_UNDECLARED_SELECTOR = YES;
				GCC_WARN_UNINITIALIZED_AUTOS = YES_AGGRESSIVE;
				GCC_WARN_UNUSED_FUNCTION = YES;
				GCC_WARN_UNUSED_VARIABLE = YES;
				IPHONEOS_DEPLOYMENT_TARGET = 17.0;
				LOCALIZATION_PREFERS_STRING_CATALOGS = YES;
				MTL_ENABLE_DEBUG_INFO = INCLUDE_SOURCE;
				MTL_FAST_MATH = YES;
				ONLY_ACTIVE_ARCH = YES;
				SDKROOT = iphoneos;
				SWIFT_ACTIVE_COMPILATION_CONDITIONS = "DEBUG $(inherited)";
				SWIFT_OPTIMIZATION_LEVEL = "-Onone";
			};
			name = Debug;
		};
		E58D63F62ABE0A6F004721CA /* Release */ = {
			isa = XCBuildConfiguration;
			buildSettings = {
				ALWAYS_SEARCH_USER_PATHS = NO;
				ASSETCATALOG_COMPILER_GENERATE_SWIFT_ASSET_SYMBOL_EXTENSIONS = YES;
				CLANG_ANALYZER_NONNULL = YES;
				CLANG_ANALYZER_NUMBER_OBJECT_CONVERSION = YES_AGGRESSIVE;
				CLANG_CXX_LANGUAGE_STANDARD = "gnu++20";
				CLANG_ENABLE_MODULES = YES;
				CLANG_ENABLE_OBJC_ARC = YES;
				CLANG_ENABLE_OBJC_WEAK = YES;
				CLANG_WARN_BLOCK_CAPTURE_AUTORELEASING = YES;
				CLANG_WARN_BOOL_CONVERSION = YES;
				CLANG_WARN_COMMA = YES;
				CLANG_WARN_CONSTANT_CONVERSION = YES;
				CLANG_WARN_DEPRECATED_OBJC_IMPLEMENTATIONS = YES;
				CLANG_WARN_DIRECT_OBJC_ISA_USAGE = YES_ERROR;
				CLANG_WARN_DOCUMENTATION_COMMENTS = YES;
				CLANG_WARN_EMPTY_BODY = YES;
				CLANG_WARN_ENUM_CONVERSION = YES;
				CLANG_WARN_INFINITE_RECURSION = YES;
				CLANG_WARN_INT_CONVERSION = YES;
				CLANG_WARN_NON_LITERAL_NULL_CONVERSION = YES;
				CLANG_WARN_OBJC_IMPLICIT_RETAIN_SELF = YES;
				CLANG_WARN_OBJC_LITERAL_CONVERSION = YES;
				CLANG_WARN_OBJC_ROOT_CLASS = YES_ERROR;
				CLANG_WARN_QUOTED_INCLUDE_IN_FRAMEWORK_HEADER = YES;
				CLANG_WARN_RANGE_LOOP_ANALYSIS = YES;
				CLANG_WARN_STRICT_PROTOTYPES = YES;
				CLANG_WARN_SUSPICIOUS_MOVE = YES;
				CLANG_WARN_UNGUARDED_AVAILABILITY = YES_AGGRESSIVE;
				CLANG_WARN_UNREACHABLE_CODE = YES;
				CLANG_WARN__DUPLICATE_METHOD_MATCH = YES;
				COPY_PHASE_STRIP = NO;
				DEBUG_INFORMATION_FORMAT = "dwarf-with-dsym";
				ENABLE_NS_ASSERTIONS = NO;
				ENABLE_STRICT_OBJC_MSGSEND = YES;
				ENABLE_USER_SCRIPT_SANDBOXING = YES;
				GCC_C_LANGUAGE_STANDARD = gnu17;
				GCC_NO_COMMON_BLOCKS = YES;
				GCC_WARN_64_TO_32_BIT_CONVERSION = YES;
				GCC_WARN_ABOUT_RETURN_TYPE = YES_ERROR;
				GCC_WARN_UNDECLARED_SELECTOR = YES;
				GCC_WARN_UNINITIALIZED_AUTOS = YES_AGGRESSIVE;
				GCC_WARN_UNUSED_FUNCTION = YES;
				GCC_WARN_UNUSED_VARIABLE = YES;
				IPHONEOS_DEPLOYMENT_TARGET = 17.0;
				LOCALIZATION_PREFERS_STRING_CATALOGS = YES;
				MTL_ENABLE_DEBUG_INFO = NO;
				MTL_FAST_MATH = YES;
				SDKROOT = iphoneos;
				SWIFT_COMPILATION_MODE = wholemodule;
				VALIDATE_PRODUCT = YES;
			};
			name = Release;
		};
		E58D63F82ABE0A6F004721CA /* Debug */ = {
			isa = XCBuildConfiguration;
			buildSettings = {
				ASSETCATALOG_COMPILER_APPICON_NAME = AppIcon;
				ASSETCATALOG_COMPILER_GLOBAL_ACCENT_COLOR_NAME = AccentColor;
				CODE_SIGN_STYLE = Automatic;
				CURRENT_PROJECT_VERSION = 1;
				DEVELOPMENT_ASSET_PATHS = "\"HomeCurrencies/Preview Content\"";
				DEVELOPMENT_TEAM = 28483GYS8J;
				ENABLE_PREVIEWS = YES;
				GENERATE_INFOPLIST_FILE = YES;
				INFOPLIST_KEY_UIApplicationSceneManifest_Generation = YES;
				INFOPLIST_KEY_UIApplicationSupportsIndirectInputEvents = YES;
				INFOPLIST_KEY_UILaunchScreen_Generation = YES;
				INFOPLIST_KEY_UISupportedInterfaceOrientations_iPad = "UIInterfaceOrientationPortrait UIInterfaceOrientationPortraitUpsideDown UIInterfaceOrientationLandscapeLeft UIInterfaceOrientationLandscapeRight";
				INFOPLIST_KEY_UISupportedInterfaceOrientations_iPhone = "UIInterfaceOrientationPortrait UIInterfaceOrientationLandscapeLeft UIInterfaceOrientationLandscapeRight";
				IPHONEOS_DEPLOYMENT_TARGET = 16.4;
				LD_RUNPATH_SEARCH_PATHS = (
					"$(inherited)",
					"@executable_path/Frameworks",
				);
				MARKETING_VERSION = 1.0;
				PRODUCT_BUNDLE_IDENTIFIER = com.darekbx.HomeCurrencies;
				PRODUCT_NAME = "$(TARGET_NAME)";
				SWIFT_EMIT_LOC_STRINGS = YES;
				SWIFT_VERSION = 5.0;
				TARGETED_DEVICE_FAMILY = "1,2";
			};
			name = Debug;
		};
		E58D63F92ABE0A6F004721CA /* Release */ = {
			isa = XCBuildConfiguration;
			buildSettings = {
				ASSETCATALOG_COMPILER_APPICON_NAME = AppIcon;
				ASSETCATALOG_COMPILER_GLOBAL_ACCENT_COLOR_NAME = AccentColor;
				CODE_SIGN_STYLE = Automatic;
				CURRENT_PROJECT_VERSION = 1;
				DEVELOPMENT_ASSET_PATHS = "\"HomeCurrencies/Preview Content\"";
				DEVELOPMENT_TEAM = 28483GYS8J;
				ENABLE_PREVIEWS = YES;
				GENERATE_INFOPLIST_FILE = YES;
				INFOPLIST_KEY_UIApplicationSceneManifest_Generation = YES;
				INFOPLIST_KEY_UIApplicationSupportsIndirectInputEvents = YES;
				INFOPLIST_KEY_UILaunchScreen_Generation = YES;
				INFOPLIST_KEY_UISupportedInterfaceOrientations_iPad = "UIInterfaceOrientationPortrait UIInterfaceOrientationPortraitUpsideDown UIInterfaceOrientationLandscapeLeft UIInterfaceOrientationLandscapeRight";
				INFOPLIST_KEY_UISupportedInterfaceOrientations_iPhone = "UIInterfaceOrientationPortrait UIInterfaceOrientationLandscapeLeft UIInterfaceOrientationLandscapeRight";
				IPHONEOS_DEPLOYMENT_TARGET = 16.4;
				LD_RUNPATH_SEARCH_PATHS = (
					"$(inherited)",
					"@executable_path/Frameworks",
				);
				MARKETING_VERSION = 1.0;
				PRODUCT_BUNDLE_IDENTIFIER = com.darekbx.HomeCurrencies;
				PRODUCT_NAME = "$(TARGET_NAME)";
				SWIFT_EMIT_LOC_STRINGS = YES;
				SWIFT_VERSION = 5.0;
				TARGETED_DEVICE_FAMILY = "1,2";
			};
			name = Release;
		};
/* End XCBuildConfiguration section */

/* Begin XCConfigurationList section */
		E58D63E42ABE0A6D004721CA /* Build configuration list for PBXProject "HomeCurrencies" */ = {
			isa = XCConfigurationList;
			buildConfigurations = (
				E58D63F52ABE0A6F004721CA /* Debug */,
				E58D63F62ABE0A6F004721CA /* Release */,
			);
			defaultConfigurationIsVisible = 0;
			defaultConfigurationName = Release;
		};
		E58D63F72ABE0A6F004721CA /* Build configuration list for PBXNativeTarget "HomeCurrencies" */ = {
			isa = XCConfigurationList;
			buildConfigurations = (
				E58D63F82ABE0A6F004721CA /* Debug */,
				E58D63F92ABE0A6F004721CA /* Release */,
			);
			defaultConfigurationIsVisible = 0;
			defaultConfigurationName = Release;
		};
/* End XCConfigurationList section */
	};
	rootObject = E58D63E12ABE0A6D004721CA /* Project object */;
}
